version = 1
revision = 3
requires-python = ">=3.10"

[[package]]
name = "mazeview"
version = "1.0.0"
source = { editable = "." }
dependencies = [
    { name = "mlx" },
]

[package.metadata]
requires-dist = [{ name = "mlx", path = "mlx-2.2-py3-none-any.whl" }]

[[package]]
name = "mlx"
version = "2.2"
source = { path = "mlx-2.2-py3-none-any.whl" }
wheels = [
    { filename = "mlx-2.2-py3-none-any.whl", hash = "sha256:9a72de34b6b7e3f34cbe47ab8abb10b374204e658c4b5ec1c77de914db3b56cd" },
]
